// !$*UTF8*$!
{
	archiveVersion = 1;
	classes = {
	};
	objectVersion = 46;
	objects = {

/* Begin PBXBuildFile section */
		77130A6A1D1FE90D001C7B78 /* main.m in Sources */ = {isa = PBXBuildFile; fileRef = 77130A691D1FE90D001C7B78 /* main.m */; };
		77130A6D1D1FE90D001C7B78 /* AppDelegate.m in Sources */ = {isa = PBXBuildFile; fileRef = 77130A6C1D1FE90D001C7B78 /* AppDelegate.m */; };
		77130A701D1FE90D001C7B78 /* MasterViewController.m in Sources */ = {isa = PBXBuildFile; fileRef = 77130A6F1D1FE90D001C7B78 /* MasterViewController.m */; };
		77130A731D1FE90D001C7B78 /* DetailViewController.m in Sources */ = {isa = PBXBuildFile; fileRef = 77130A721D1FE90D001C7B78 /* DetailViewController.m */; };
		77130A761D1FE90D001C7B78 /* Main.storyboard in Resources */ = {isa = PBXBuildFile; fileRef = 77130A741D1FE90D001C7B78 /* Main.storyboard */; };
		77130A781D1FE90D001C7B78 /* Assets.xcassets in Resources */ = {isa = PBXBuildFile; fileRef = 77130A771D1FE90D001C7B78 /* Assets.xcassets */; };
		77130A7B1D1FE90D001C7B78 /* LaunchScreen.storyboard in Resources */ = {isa = PBXBuildFile; fileRef = 77130A791D1FE90D001C7B78 /* LaunchScreen.storyboard */; };
		77130A861D1FE90D001C7B78 /* helloworldTests.m in Sources */ = {isa = PBXBuildFile; fileRef = 77130A851D1FE90D001C7B78 /* helloworldTests.m */; };
		77130A911D1FE90D001C7B78 /* helloworldUITests.m in Sources */ = {isa = PBXBuildFile; fileRef = 77130A901D1FE90D001C7B78 /* helloworldUITests.m */; };
/* End PBXBuildFile section */

/* Begin PBXContainerItemProxy section */
		77130A821D1FE90D001C7B78 /* PBXContainerItemProxy */ = {
			isa = PBXContainerItemProxy;
			containerPortal = 77130A5D1D1FE90D001C7B78 /* Project object */;
			proxyType = 1;
			remoteGlobalIDString = 77130A641D1FE90D001C7B78;
			remoteInfo = helloworld;
		};
		77130A8D1D1FE90D001C7B78 /* PBXContainerItemProxy */ = {
			isa = PBXContainerItemProxy;
			containerPortal = 77130A5D1D1FE90D001C7B78 /* Project object */;
			proxyType = 1;
			remoteGlobalIDString = 77130A641D1FE90D001C7B78;
			remoteInfo = helloworld;
		};
/* End PBXContainerItemProxy section */

/* Begin PBXFileReference section */
		770620F11D2017A6000707B2 /* .gitignore */ = {isa = PBXFileReference; lastKnownFileType = text; path = .gitignore; sourceTree = "<group>"; };
		77130A651D1FE90D001C7B78 /* helloworld.app */ = {isa = PBXFileReference; explicitFileType = wrapper.application; includeInIndex = 0; path = helloworld.app; sourceTree = BUILT_PRODUCTS_DIR; };
		77130A691D1FE90D001C7B78 /* main.m */ = {isa = PBXFileReference; lastKnownFileType = sourcecode.c.objc; path = main.m; sourceTree = "<group>"; };
		77130A6B1D1FE90D001C7B78 /* AppDelegate.h */ = {isa = PBXFileReference; lastKnownFileType = sourcecode.c.h; path = AppDelegate.h; sourceTree = "<group>"; };
		77130A6C1D1FE90D001C7B78 /* AppDelegate.m */ = {isa = PBXFileReference; lastKnownFileType = sourcecode.c.objc; path = AppDelegate.m; sourceTree = "<group>"; };
		77130A6E1D1FE90D001C7B78 /* MasterViewController.h */ = {isa = PBXFileReference; lastKnownFileType = sourcecode.c.h; path = MasterViewController.h; sourceTree = "<group>"; };
		77130A6F1D1FE90D001C7B78 /* MasterViewController.m */ = {isa = PBXFileReference; lastKnownFileType = sourcecode.c.objc; path = MasterViewController.m; sourceTree = "<group>"; };
		77130A711D1FE90D001C7B78 /* DetailViewController.h */ = {isa = PBXFileReference; lastKnownFileType = sourcecode.c.h; path = DetailViewController.h; sourceTree = "<group>"; };
		77130A721D1FE90D001C7B78 /* DetailViewController.m */ = {isa = PBXFileReference; lastKnownFileType = sourcecode.c.objc; path = DetailViewController.m; sourceTree = "<group>"; };
		77130A751D1FE90D001C7B78 /* Base */ = {isa = PBXFileReference; lastKnownFileType = file.storyboard; name = Base; path = Base.lproj/Main.storyboard; sourceTree = "<group>"; };
		77130A771D1FE90D001C7B78 /* Assets.xcassets */ = {isa = PBXFileReference; lastKnownFileType = folder.assetcatalog; path = Assets.xcassets; sourceTree = "<group>"; };
		77130A7A1D1FE90D001C7B78 /* Base */ = {isa = PBXFileReference; lastKnownFileType = file.storyboard; name = Base; path = Base.lproj/LaunchScreen.storyboard; sourceTree = "<group>"; };
		77130A7C1D1FE90D001C7B78 /* Info.plist */ = {isa = PBXFileReference; lastKnownFileType = text.plist.xml; path = Info.plist; sourceTree = "<group>"; };
		77130A811D1FE90D001C7B78 /* helloworldTests.xctest */ = {isa = PBXFileReference; explicitFileType = wrapper.cfbundle; includeInIndex = 0; path = helloworldTests.xctest; sourceTree = BUILT_PRODUCTS_DIR; };
		77130A851D1FE90D001C7B78 /* helloworldTests.m */ = {isa = PBXFileReference; lastKnownFileType = sourcecode.c.objc; path = helloworldTests.m; sourceTree = "<group>"; };
		77130A871D1FE90D001C7B78 /* Info.plist */ = {isa = PBXFileReference; lastKnownFileType = text.plist.xml; path = Info.plist; sourceTree = "<group>"; };
		77130A8C1D1FE90D001C7B78 /* helloworldUITests.xctest */ = {isa = PBXFileReference; explicitFileType = wrapper.cfbundle; includeInIndex = 0; path = helloworldUITests.xctest; sourceTree = BUILT_PRODUCTS_DIR; };
		77130A901D1FE90D001C7B78 /* helloworldUITests.m */ = {isa = PBXFileReference; lastKnownFileType = sourcecode.c.objc; path = helloworldUITests.m; sourceTree = "<group>"; };
		77130A921D1FE90D001C7B78 /* Info.plist */ = {isa = PBXFileReference; lastKnownFileType = text.plist.xml; path = Info.plist; sourceTree = "<group>"; };
/* End PBXFileReference section */

/* Begin PBXFrameworksBuildPhase section */
		77130A621D1FE90D001C7B78 /* Frameworks */ = {
			isa = PBXFrameworksBuildPhase;
			buildActionMask = 2147483647;
			files = (
			);
			runOnlyForDeploymentPostprocessing = 0;
		};
		77130A7E1D1FE90D001C7B78 /* Frameworks */ = {
			isa = PBXFrameworksBuildPhase;
			buildActionMask = 2147483647;
			files = (
			);
			runOnlyForDeploymentPostprocessing = 0;
		};
		77130A891D1FE90D001C7B78 /* Frameworks */ = {
			isa = PBXFrameworksBuildPhase;
			buildActionMask = 2147483647;
			files = (
			);
			runOnlyForDeploymentPostprocessing = 0;
		};
/* End PBXFrameworksBuildPhase section */

/* Begin PBXGroup section */
		77130A5C1D1FE90D001C7B78 = {
			isa = PBXGroup;
			children = (
				770620F11D2017A6000707B2 /* .gitignore */,
				77130A671D1FE90D001C7B78 /* helloworld */,
				77130A841D1FE90D001C7B78 /* helloworldTests */,
				77130A8F1D1FE90D001C7B78 /* helloworldUITests */,
				77130A661D1FE90D001C7B78 /* Products */,
			);
			sourceTree = "<group>";
		};
		77130A661D1FE90D001C7B78 /* Products */ = {
			isa = PBXGroup;
			children = (
				77130A651D1FE90D001C7B78 /* helloworld.app */,
				77130A811D1FE90D001C7B78 /* helloworldTests.xctest */,
				77130A8C1D1FE90D001C7B78 /* helloworldUITests.xctest */,
			);
			name = Products;
			sourceTree = "<group>";
		};
		77130A671D1FE90D001C7B78 /* helloworld */ = {
			isa = PBXGroup;
			children = (
				77130A6B1D1FE90D001C7B78 /* AppDelegate.h */,
				77130A6C1D1FE90D001C7B78 /* AppDelegate.m */,
				77130A6E1D1FE90D001C7B78 /* MasterViewController.h */,
				77130A6F1D1FE90D001C7B78 /* MasterViewController.m */,
				77130A711D1FE90D001C7B78 /* DetailViewController.h */,
				77130A721D1FE90D001C7B78 /* DetailViewController.m */,
				77130A741D1FE90D001C7B78 /* Main.storyboard */,
				77130A771D1FE90D001C7B78 /* Assets.xcassets */,
				77130A791D1FE90D001C7B78 /* LaunchScreen.storyboard */,
				77130A7C1D1FE90D001C7B78 /* Info.plist */,
				77130A681D1FE90D001C7B78 /* Supporting Files */,
			);
			path = helloworld;
			sourceTree = "<group>";
		};
		77130A681D1FE90D001C7B78 /* Supporting Files */ = {
			isa = PBXGroup;
			children = (
				77130A691D1FE90D001C7B78 /* main.m */,
			);
			name = "Supporting Files";
			sourceTree = "<group>";
		};
		77130A841D1FE90D001C7B78 /* helloworldTests */ = {
			isa = PBXGroup;
			children = (
				77130A851D1FE90D001C7B78 /* helloworldTests.m */,
				77130A871D1FE90D001C7B78 /* Info.plist */,
			);
			path = helloworldTests;
			sourceTree = "<group>";
		};
		77130A8F1D1FE90D001C7B78 /* helloworldUITests */ = {
			isa = PBXGroup;
			children = (
				77130A901D1FE90D001C7B78 /* helloworldUITests.m */,
				77130A921D1FE90D001C7B78 /* Info.plist */,
			);
			path = helloworldUITests;
			sourceTree = "<group>";
		};
/* End PBXGroup section */

/* Begin PBXNativeTarget section */
		77130A641D1FE90D001C7B78 /* helloworld */ = {
			isa = PBXNativeTarget;
			buildConfigurationList = 77130A951D1FE90D001C7B78 /* Build configuration list for PBXNativeTarget "helloworld" */;
			buildPhases = (
				77130A611D1FE90D001C7B78 /* Sources */,
				77130A621D1FE90D001C7B78 /* Frameworks */,
				77130A631D1FE90D001C7B78 /* Resources */,
			);
			buildRules = (
			);
			dependencies = (
			);
			name = helloworld;
			productName = helloworld;
			productReference = 77130A651D1FE90D001C7B78 /* helloworld.app */;
			productType = "com.apple.product-type.application";
		};
		77130A801D1FE90D001C7B78 /* helloworldTests */ = {
			isa = PBXNativeTarget;
			buildConfigurationList = 77130A981D1FE90D001C7B78 /* Build configuration list for PBXNativeTarget "helloworldTests" */;
			buildPhases = (
				77130A7D1D1FE90D001C7B78 /* Sources */,
				77130A7E1D1FE90D001C7B78 /* Frameworks */,
				77130A7F1D1FE90D001C7B78 /* Resources */,
			);
			buildRules = (
			);
			dependencies = (
				77130A831D1FE90D001C7B78 /* PBXTargetDependency */,
			);
			name = helloworldTests;
			productName = helloworldTests;
			productReference = 77130A811D1FE90D001C7B78 /* helloworldTests.xctest */;
			productType = "com.apple.product-type.bundle.unit-test";
		};
		77130A8B1D1FE90D001C7B78 /* helloworldUITests */ = {
			isa = PBXNativeTarget;
			buildConfigurationList = 77130A9B1D1FE90D001C7B78 /* Build configuration list for PBXNativeTarget "helloworldUITests" */;
			buildPhases = (
				77130A881D1FE90D001C7B78 /* Sources */,
				77130A891D1FE90D001C7B78 /* Frameworks */,
				77130A8A1D1FE90D001C7B78 /* Resources */,
			);
			buildRules = (
			);
			dependencies = (
				77130A8E1D1FE90D001C7B78 /* PBXTargetDependency */,
			);
			name = helloworldUITests;
			productName = helloworldUITests;
			productReference = 77130A8C1D1FE90D001C7B78 /* helloworldUITests.xctest */;
			productType = "com.apple.product-type.bundle.ui-testing";
		};
/* End PBXNativeTarget section */

/* Begin PBXProject section */
		77130A5D1D1FE90D001C7B78 /* Project object */ = {
			isa = PBXProject;
			attributes = {
				LastUpgradeCheck = 0730;
				ORGANIZATIONNAME = huihui;
				TargetAttributes = {
					77130A641D1FE90D001C7B78 = {
						CreatedOnToolsVersion = 7.3.1;
					};
					77130A801D1FE90D001C7B78 = {
						CreatedOnToolsVersion = 7.3.1;
						TestTargetID = 77130A641D1FE90D001C7B78;
					};
					77130A8B1D1FE90D001C7B78 = {
						CreatedOnToolsVersion = 7.3.1;
						TestTargetID = 77130A641D1FE90D001C7B78;
					};
				};
			};
			buildConfigurationList = 77130A601D1FE90D001C7B78 /* Build configuration list for PBXProject "helloworld" */;
			compatibilityVersion = "Xcode 3.2";
			developmentRegion = English;
			hasScannedForEncodings = 0;
			knownRegions = (
				en,
				Base,
			);
			mainGroup = 77130A5C1D1FE90D001C7B78;
			productRefGroup = 77130A661D1FE90D001C7B78 /* Products */;
			projectDirPath = "";
			projectRoot = "";
			targets = (
				77130A641D1FE90D001C7B78 /* helloworld */,
				77130A801D1FE90D001C7B78 /* helloworldTests */,
				77130A8B1D1FE90D001C7B78 /* helloworldUITests */,
			);
		};
/* End PBXProject section */

/* Begin PBXResourcesBuildPhase section */
		77130A631D1FE90D001C7B78 /* Resources */ = {
			isa = PBXResourcesBuildPhase;
			buildActionMask = 2147483647;
			files = (
				77130A7B1D1FE90D001C7B78 /* LaunchScreen.storyboard in Resources */,
				77130A781D1FE90D001C7B78 /* Assets.xcassets in Resources */,
				77130A761D1FE90D001C7B78 /* Main.storyboard in Resources */,
			);
			runOnlyForDeploymentPostprocessing = 0;
		};
		77130A7F1D1FE90D001C7B78 /* Resources */ = {
			isa = PBXResourcesBuildPhase;
			buildActionMask = 2147483647;
			files = (
			);
			runOnlyForDeploymentPostprocessing = 0;
		};
		77130A8A1D1FE90D001C7B78 /* Resources */ = {
			isa = PBXResourcesBuildPhase;
			buildActionMask = 2147483647;
			files = (
			);
			runOnlyForDeploymentPostprocessing = 0;
		};
/* End PBXResourcesBuildPhase section */

/* Begin PBXSourcesBuildPhase section */
		77130A611D1FE90D001C7B78 /* Sources */ = {
			isa = PBXSourcesBuildPhase;
			buildActionMask = 2147483647;
			files = (
				77130A6D1D1FE90D001C7B78 /* AppDelegate.m in Sources */,
				77130A701D1FE90D001C7B78 /* MasterViewController.m in Sources */,
				77130A6A1D1FE90D001C7B78 /* main.m in Sources */,
				77130A731D1FE90D001C7B78 /* DetailViewController.m in Sources */,
			);
			runOnlyForDeploymentPostprocessing = 0;
		};
		77130A7D1D1FE90D001C7B78 /* Sources */ = {
			isa = PBXSourcesBuildPhase;
			buildActionMask = 2147483647;
			files = (
				77130A861D1FE90D001C7B78 /* helloworldTests.m in Sources */,
			);
			runOnlyForDeploymentPostprocessing = 0;
		};
		77130A881D1FE90D001C7B78 /* Sources */ = {
			isa = PBXSourcesBuildPhase;
			buildActionMask = 2147483647;
			files = (
				77130A911D1FE90D001C7B78 /* helloworldUITests.m in Sources */,
			);
			runOnlyForDeploymentPostprocessing = 0;
		};
/* End PBXSourcesBuildPhase section */

/* Begin PBXTargetDependency section */
		77130A831D1FE90D001C7B78 /* PBXTargetDependency */ = {
			isa = PBXTargetDependency;
			target = 77130A641D1FE90D001C7B78 /* helloworld */;
			targetProxy = 77130A821D1FE90D001C7B78 /* PBXContainerItemProxy */;
		};
		77130A8E1D1FE90D001C7B78 /* PBXTargetDependency */ = {
			isa = PBXTargetDependency;
			target = 77130A641D1FE90D001C7B78 /* helloworld */;
			targetProxy = 77130A8D1D1FE90D001C7B78 /* PBXContainerItemProxy */;
		};
/* End PBXTargetDependency section */

/* Begin PBXVariantGroup section */
		77130A741D1FE90D001C7B78 /* Main.storyboard */ = {
			isa = PBXVariantGroup;
			children = (
				77130A751D1FE90D001C7B78 /* Base */,
			);
			name = Main.storyboard;
			sourceTree = "<group>";
		};
		77130A791D1FE90D001C7B78 /* LaunchScreen.storyboard */ = {
			isa = PBXVariantGroup;
			children = (
				77130A7A1D1FE90D001C7B78 /* Base */,
			);
			name = LaunchScreen.storyboard;
			sourceTree = "<group>";
		};
/* End PBXVariantGroup section */

/* Begin XCBuildConfiguration section */
		77130A931D1FE90D001C7B78 /* Debug */ = {
			isa = XCBuildConfiguration;
			buildSettings = {
				ALWAYS_SEARCH_USER_PATHS = NO;
				CLANG_ANALYZER_NONNULL = YES;
				CLANG_CXX_LANGUAGE_STANDARD = "gnu++0x";
				CLANG_CXX_LIBRARY = "libc++";
				CLANG_ENABLE_MODULES = YES;
				CLANG_ENABLE_OBJC_ARC = YES;
				CLANG_WARN_BOOL_CONVERSION = YES;
				CLANG_WARN_CONSTANT_CONVERSION = YES;
				CLANG_WARN_DIRECT_OBJC_ISA_USAGE = YES_ERROR;
				CLANG_WARN_EMPTY_BODY = YES;
				CLANG_WARN_ENUM_CONVERSION = YES;
				CLANG_WARN_INT_CONVERSION = YES;
				CLANG_WARN_OBJC_ROOT_CLASS = YES_ERROR;
				CLANG_WARN_UNREACHABLE_CODE = YES;
				CLANG_WARN__DUPLICATE_METHOD_MATCH = YES;
				"CODE_SIGN_IDENTITY[sdk=iphoneos*]" = "iPhone Developer";
				COPY_PHASE_STRIP = NO;
				DEBUG_INFORMATION_FORMAT = dwarf;
				ENABLE_STRICT_OBJC_MSGSEND = YES;
				ENABLE_TESTABILITY = YES;
				GCC_C_LANGUAGE_STANDARD = gnu99;
				GCC_DYNAMIC_NO_PIC = NO;
				GCC_NO_COMMON_BLOCKS = YES;
				GCC_OPTIMIZATION_LEVEL = 0;
				GCC_PREPROCESSOR_DEFINITIONS = (
					"DEBUG=1",
					"$(inherited)",
				);
				GCC_WARN_64_TO_32_BIT_CONVERSION = YES;
				GCC_WARN_ABOUT_RETURN_TYPE = YES_ERROR;
				GCC_WARN_UNDECLARED_SELECTOR = YES;
				GCC_WARN_UNINITIALIZED_AUTOS = YES_AGGRESSIVE;
				GCC_WARN_UNUSED_FUNCTION = YES;
				GCC_WARN_UNUSED_VARIABLE = YES;
				IPHONEOS_DEPLOYMENT_TARGET = 9.3;
				MTL_ENABLE_DEBUG_INFO = YES;
				ONLY_ACTIVE_ARCH = YES;
				SDKROOT = iphoneos;
			};
			name = Debug;
		};
		77130A941D1FE90D001C7B78 /* Release */ = {
			isa = XCBuildConfiguration;
			buildSettings = {
				ALWAYS_SEARCH_USER_PATHS = NO;
				CLANG_ANALYZER_NONNULL = YES;
				CLANG_CXX_LANGUAGE_STANDARD = "gnu++0x";
				CLANG_CXX_LIBRARY = "libc++";
				CLANG_ENABLE_MODULES = YES;
				CLANG_ENABLE_OBJC_ARC = YES;
				CLANG_WARN_BOOL_CONVERSION = YES;
				CLANG_WARN_CONSTANT_CONVERSION = YES;
				CLANG_WARN_DIRECT_OBJC_ISA_USAGE = YES_ERROR;
				CLANG_WARN_EMPTY_BODY = YES;
				CLANG_WARN_ENUM_CONVERSION = YES;
				CLANG_WARN_INT_CONVERSION = YES;
				CLANG_WARN_OBJC_ROOT_CLASS = YES_ERROR;
				CLANG_WARN_UNREACHABLE_CODE = YES;
				CLANG_WARN__DUPLICATE_METHOD_MATCH = YES;
				"CODE_SIGN_IDENTITY[sdk=iphoneos*]" = "iPhone Developer";
				COPY_PHASE_STRIP = NO;
				DEBUG_INFORMATION_FORMAT = "dwarf-with-dsym";
				ENABLE_NS_ASSERTIONS = NO;
				ENABLE_STRICT_OBJC_MSGSEND = YES;
				GCC_C_LANGUAGE_STANDARD = gnu99;
				GCC_NO_COMMON_BLOCKS = YES;
				GCC_WARN_64_TO_32_BIT_CONVERSION = YES;
				GCC_WARN_ABOUT_RETURN_TYPE = YES_ERROR;
				GCC_WARN_UNDECLARED_SELECTOR = YES;
				GCC_WARN_UNINITIALIZED_AUTOS = YES_AGGRESSIVE;
				GCC_WARN_UNUSED_FUNCTION = YES;
				GCC_WARN_UNUSED_VARIABLE = YES;
				IPHONEOS_DEPLOYMENT_TARGET = 9.3;
				MTL_ENABLE_DEBUG_INFO = NO;
				SDKROOT = iphoneos;
				VALIDATE_PRODUCT = YES;
			};
			name = Release;
		};
		77130A961D1FE90D001C7B78 /* Debug */ = {
			isa = XCBuildConfiguration;
			buildSettings = {
				ASSETCATALOG_COMPILER_APPICON_NAME = AppIcon;
				INFOPLIST_FILE = helloworld/Info.plist;
				LD_RUNPATH_SEARCH_PATHS = "$(inherited) @executable_path/Frameworks";
				PRODUCT_BUNDLE_IDENTIFIER = helloworld.helloworld;
				PRODUCT_NAME = "$(TARGET_NAME)";
			};
			name = Debug;
		};
		77130A971D1FE90D001C7B78 /* Release */ = {
			isa = XCBuildConfiguration;
			buildSettings = {
				ASSETCATALOG_COMPILER_APPICON_NAME = AppIcon;
				INFOPLIST_FILE = helloworld/Info.plist;
				LD_RUNPATH_SEARCH_PATHS = "$(inherited) @executable_path/Frameworks";
				PRODUCT_BUNDLE_IDENTIFIER = helloworld.helloworld;
				PRODUCT_NAME = "$(TARGET_NAME)";
			};
			name = Release;
		};
		77130A991D1FE90D001C7B78 /* Debug */ = {
			isa = XCBuildConfiguration;
			buildSettings = {
				BUNDLE_LOADER = "$(TEST_HOST)";
				INFOPLIST_FILE = helloworldTests/Info.plist;
				LD_RUNPATH_SEARCH_PATHS = "$(inherited) @executable_path/Frameworks @loader_path/Frameworks";
				PRODUCT_BUNDLE_IDENTIFIER = helloworld.helloworldTests;
				PRODUCT_NAME = "$(TARGET_NAME)";
				TEST_HOST = "$(BUILT_PRODUCTS_DIR)/helloworld.app/helloworld";
			};
			name = Debug;
		};
		77130A9A1D1FE90D001C7B78 /* Release */ = {
			isa = XCBuildConfiguration;
			buildSettings = {
				BUNDLE_LOADER = "$(TEST_HOST)";
				INFOPLIST_FILE = helloworldTests/Info.plist;
				LD_RUNPATH_SEARCH_PATHS = "$(inherited) @executable_path/Frameworks @loader_path/Frameworks";
				PRODUCT_BUNDLE_IDENTIFIER = helloworld.helloworldTests;
				PRODUCT_NAME = "$(TARGET_NAME)";
				TEST_HOST = "$(BUILT_PRODUCTS_DIR)/helloworld.app/helloworld";
			};
			name = Release;
		};
		77130A9C1D1FE90D001C7B78 /* Debug */ = {
			isa = XCBuildConfiguration;
			buildSettings = {
				INFOPLIST_FILE = helloworldUITests/Info.plist;
				LD_RUNPATH_SEARCH_PATHS = "$(inherited) @executable_path/Frameworks @loader_path/Frameworks";
				PRODUCT_BUNDLE_IDENTIFIER = helloworld.helloworldUITests;
				PRODUCT_NAME = "$(TARGET_NAME)";
				TEST_TARGET_NAME = helloworld;
			};
			name = Debug;
		};
		77130A9D1D1FE90D001C7B78 /* Release */ = {
			isa = XCBuildConfiguration;
			buildSettings = {
				INFOPLIST_FILE = helloworldUITests/Info.plist;
				LD_RUNPATH_SEARCH_PATHS = "$(inherited) @executable_path/Frameworks @loader_path/Frameworks";
				PRODUCT_BUNDLE_IDENTIFIER = helloworld.helloworldUITests;
				PRODUCT_NAME = "$(TARGET_NAME)";
				TEST_TARGET_NAME = helloworld;
			};
			name = Release;
		};
/* End XCBuildConfiguration section */

/* Begin XCConfigurationList section */
		77130A601D1FE90D001C7B78 /* Build configuration list for PBXProject "helloworld" */ = {
			isa = XCConfigurationList;
			buildConfigurations = (
				77130A931D1FE90D001C7B78 /* Debug */,
				77130A941D1FE90D001C7B78 /* Release */,
			);
			defaultConfigurationIsVisible = 0;
			defaultConfigurationName = Release;
		};
		77130A951D1FE90D001C7B78 /* Build configuration list for PBXNativeTarget "helloworld" */ = {
			isa = XCConfigurationList;
			buildConfigurations = (
				77130A961D1FE90D001C7B78 /* Debug */,
				77130A971D1FE90D001C7B78 /* Release */,
			);
			defaultConfigurationIsVisible = 0;
			defaultConfigurationName = Release;
		};
		77130A981D1FE90D001C7B78 /* Build configuration list for PBXNativeTarget "helloworldTests" */ = {
			isa = XCConfigurationList;
			buildConfigurations = (
				77130A991D1FE90D001C7B78 /* Debug */,
				77130A9A1D1FE90D001C7B78 /* Release */,
			);
			defaultConfigurationIsVisible = 0;
			defaultConfigurationName = Release;
		};
		77130A9B1D1FE90D001C7B78 /* Build configuration list for PBXNativeTarget "helloworldUITests" */ = {
			isa = XCConfigurationList;
			buildConfigurations = (
				77130A9C1D1FE90D001C7B78 /* Debug */,
				77130A9D1D1FE90D001C7B78 /* Release */,
			);
			defaultConfigurationIsVisible = 0;
			defaultConfigurationName = Release;
		};
/* End XCConfigurationList section */
	};
	rootObject = 77130A5D1D1FE90D001C7B78 /* Project object */;
}
